
Microsoft Visual Studio Solution File, Format Version 12.00
# Visual Studio Version 17
VisualStudioVersion = 17.14.36603.0
MinimumVisualStudioVersion = 10.0.40219.1
Project("{2150E333-8FDC-42A3-9474-1A3956D46DE8}") = "src", "src", "{DC0A0DE0-EBA3-4C29-9E93-1484987807DF}"
EndProject
Project("{2150E333-8FDC-42A3-9474-1A3956D46DE8}") = "test", "test", "{B949D949-96CD-499E-924A-D170CB5049C0}"
EndProject
Project("{2150E333-8FDC-42A3-9474-1A3956D46DE8}") = "Application", "Application", "{A919EC64-A46C-48FF-A79D-0047001E8AFE}"
EndProject
Project("{2150E333-8FDC-42A3-9474-1A3956D46DE8}") = "DataAccess", "DataAccess", "{87C44005-A239-41D6-BA19-6CC2C1406DAC}"
EndProject
Project("{2150E333-8FDC-42A3-9474-1A3956D46DE8}") = "Domain", "Domain", "{9296C219-0441-4D9F-9D0D-4FBA7F2657BA}"
EndProject
Project("{2150E333-8FDC-42A3-9474-1A3956D46DE8}") = "Web", "Web", "{DC3A46B5-45CA-47C9-8E7A-3E564A9B81C5}"
EndProject
Project("{FAE04EC0-301F-11D3-BF4B-00C04F79EFBC}") = "PetChat.Application.Services", "src\Application\PetChat.Application.Services\PetChat.Application.Services.csproj", "{5ADCB1B3-73D0-4540-92CC-822C32E031B9}"
EndProject
Project("{FAE04EC0-301F-11D3-BF4B-00C04F79EFBC}") = "PetChat.Application.Jobs", "src\Application\PetChat.Application.Jobs\PetChat.Application.Jobs.csproj", "{D504AD96-2798-4711-8FA3-841424097FF5}"
EndProject
Project("{FAE04EC0-301F-11D3-BF4B-00C04F79EFBC}") = "PetChat.Application.Helpers", "src\Application\PetChat.Application.Helpers\PetChat.Application.Helpers.csproj", "{8CA63756-15E3-417A-8F99-6A6B79FEDC6E}"
EndProject
Project("{FAE04EC0-301F-11D3-BF4B-00C04F79EFBC}") = "PetChat.DataAccess.Repositories", "src\DataAccess\PetChat.DataAccess.Repositories\PetChat.DataAccess.Repositories.csproj", "{86BB69D8-9403-4E7D-9C2C-F198FAF5D5BC}"
EndProject
Project("{FAE04EC0-301F-11D3-BF4B-00C04F79EFBC}") = "PetChat.DataAccess.Models", "src\DataAccess\PetChat.DataAccess.Models\PetChat.DataAccess.Models.csproj", "{00783B9B-93CD-46D0-9BD4-D98638BD9968}"
EndProject
Project("{FAE04EC0-301F-11D3-BF4B-00C04F79EFBC}") = "PetChat.Domain.Models", "src\Domain\PetChat.Domain.Models\PetChat.Domain.Models.csproj", "{872B6EDE-3C34-4068-8AC9-B6FF6AFD92C4}"
EndProject
Project("{FAE04EC0-301F-11D3-BF4B-00C04F79EFBC}") = "PetChat.Domain.Exceptions", "src\Domain\PetChat.Domain.Exceptions\PetChat.Domain.Exceptions.csproj", "{62FAF6D2-DEAB-4068-817B-7AF8B4AEF921}"
EndProject
Project("{FAE04EC0-301F-11D3-BF4B-00C04F79EFBC}") = "PetChat.Domain.Interfaces", "src\Domain\PetChat.Domain.Interfaces\PetChat.Domain.Interfaces.csproj", "{C471DDAE-B6B3-46BC-8103-E29DF5A98193}"
EndProject
Project("{FAE04EC0-301F-11D3-BF4B-00C04F79EFBC}") = "PetChat.Domain.Configuration", "src\Domain\PetChat.Domain.Configuration\PetChat.Domain.Configuration.csproj", "{5E222A2C-58E2-4F6C-B0D1-DF412CE4936D}"
EndProject
Project("{FAE04EC0-301F-11D3-BF4B-00C04F79EFBC}") = "PetChat.Web.Api", "src\Web\PetChat.Web.Api\PetChat.Web.Api.csproj", "{AF06DA5F-573E-40F6-B76B-9956126A8197}"
EndProject
Project("{FAE04EC0-301F-11D3-BF4B-00C04F79EFBC}") = "PetChat.Web.Dto", "src\Web\PetChat.Web.Dto\PetChat.Web.Dto.csproj", "{93FB662F-A87F-4956-83F1-CA06CFDEF49D}"
EndProject
Project("{2150E333-8FDC-42A3-9474-1A3956D46DE8}") = "IntegrationTests", "IntegrationTests", "{BFF230DA-7728-42FC-A778-BC2C21BBB63B}"
EndProject
Project("{2150E333-8FDC-42A3-9474-1A3956D46DE8}") = "UnitTests", "UnitTests", "{B5FA6823-F60F-4A67-8A37-62E5B5A1F96B}"
EndProject
Project("{FAE04EC0-301F-11D3-BF4B-00C04F79EFBC}") = "PetChat.DataAccess.DbContext", "src\DataAccess\PetChat.DataAccess.DbContext\PetChat.DataAccess.DbContext.csproj", "{4910FF26-7E73-BF6D-CCD7-B73EDCC7719F}"
EndProject
Project("{2150E333-8FDC-42A3-9474-1A3956D46DE8}") = "common", "common", "{36D591C7-65C7-A0D1-1CBC-10CDE441BDC8}"
	ProjectSection(SolutionItems) = preProject
		..\.gitignore = ..\.gitignore
		..\README.md = ..\README.md
	EndProjectSection
EndProject
Project("{FAE04EC0-301F-11D3-BF4B-00C04F79EFBC}") = "PetChat.IntegrationTests", "test\IntegrationTests\PetChat.IntegrationTests\PetChat.IntegrationTests.csproj", "{D95952EA-CA92-42D4-B3DB-9C4DC9C5BAB8}"
EndProject
Project("{FAE04EC0-301F-11D3-BF4B-00C04F79EFBC}") = "PetChat.UnitTests.Common", "test\UnitTests\PetChat.UnitTests.Common\PetChat.UnitTests.Common.csproj", "{3F899D71-6B36-4F5F-9066-F81458553190}"
EndProject
Project("{FAE04EC0-301F-11D3-BF4B-00C04F79EFBC}") = "PetChat.UnitTests.Services", "test\UnitTests\PetChat.UnitTests.Services\PetChat.UnitTests.Services.csproj", "{EEAB7537-3769-4A4B-9343-F5BC63D5F991}"
EndProject
Project("{FAE04EC0-301F-11D3-BF4B-00C04F79EFBC}") = "PetChat.UnitTests.Repositories", "test\UnitTests\PetChat.UnitTests.Repositories\PetChat.UnitTests.Repositories.csproj", "{739A8670-D43E-44FC-9391-1B74CAE89D5E}"
EndProject
Global
	GlobalSection(SolutionConfigurationPlatforms) = preSolution
		Debug|Any CPU = Debug|Any CPU
		Release|Any CPU = Release|Any CPU
	EndGlobalSection
	GlobalSection(ProjectConfigurationPlatforms) = postSolution
		{5ADCB1B3-73D0-4540-92CC-822C32E031B9}.Debug|Any CPU.ActiveCfg = Debug|Any CPU
		{5ADCB1B3-73D0-4540-92CC-822C32E031B9}.Debug|Any CPU.Build.0 = Debug|Any CPU
		{5ADCB1B3-73D0-4540-92CC-822C32E031B9}.Release|Any CPU.ActiveCfg = Release|Any CPU
		{5ADCB1B3-73D0-4540-92CC-822C32E031B9}.Release|Any CPU.Build.0 = Release|Any CPU
		{D504AD96-2798-4711-8FA3-841424097FF5}.Debug|Any CPU.ActiveCfg = Debug|Any CPU
		{D504AD96-2798-4711-8FA3-841424097FF5}.Debug|Any CPU.Build.0 = Debug|Any CPU
		{D504AD96-2798-4711-8FA3-841424097FF5}.Release|Any CPU.ActiveCfg = Release|Any CPU
		{D504AD96-2798-4711-8FA3-841424097FF5}.Release|Any CPU.Build.0 = Release|Any CPU
		{8CA63756-15E3-417A-8F99-6A6B79FEDC6E}.Debug|Any CPU.ActiveCfg = Debug|Any CPU
		{8CA63756-15E3-417A-8F99-6A6B79FEDC6E}.Debug|Any CPU.Build.0 = Debug|Any CPU
		{8CA63756-15E3-417A-8F99-6A6B79FEDC6E}.Release|Any CPU.ActiveCfg = Release|Any CPU
		{8CA63756-15E3-417A-8F99-6A6B79FEDC6E}.Release|Any CPU.Build.0 = Release|Any CPU
		{86BB69D8-9403-4E7D-9C2C-F198FAF5D5BC}.Debug|Any CPU.ActiveCfg = Debug|Any CPU
		{86BB69D8-9403-4E7D-9C2C-F198FAF5D5BC}.Debug|Any CPU.Build.0 = Debug|Any CPU
		{86BB69D8-9403-4E7D-9C2C-F198FAF5D5BC}.Release|Any CPU.ActiveCfg = Release|Any CPU
		{86BB69D8-9403-4E7D-9C2C-F198FAF5D5BC}.Release|Any CPU.Build.0 = Release|Any CPU
		{00783B9B-93CD-46D0-9BD4-D98638BD9968}.Debug|Any CPU.ActiveCfg = Debug|Any CPU
		{00783B9B-93CD-46D0-9BD4-D98638BD9968}.Debug|Any CPU.Build.0 = Debug|Any CPU
		{00783B9B-93CD-46D0-9BD4-D98638BD9968}.Release|Any CPU.ActiveCfg = Release|Any CPU
		{00783B9B-93CD-46D0-9BD4-D98638BD9968}.Release|Any CPU.Build.0 = Release|Any CPU
		{872B6EDE-3C34-4068-8AC9-B6FF6AFD92C4}.Debug|Any CPU.ActiveCfg = Debug|Any CPU
		{872B6EDE-3C34-4068-8AC9-B6FF6AFD92C4}.Debug|Any CPU.Build.0 = Debug|Any CPU
		{872B6EDE-3C34-4068-8AC9-B6FF6AFD92C4}.Release|Any CPU.ActiveCfg = Release|Any CPU
		{872B6EDE-3C34-4068-8AC9-B6FF6AFD92C4}.Release|Any CPU.Build.0 = Release|Any CPU
		{62FAF6D2-DEAB-4068-817B-7AF8B4AEF921}.Debug|Any CPU.ActiveCfg = Debug|Any CPU
		{62FAF6D2-DEAB-4068-817B-7AF8B4AEF921}.Debug|Any CPU.Build.0 = Debug|Any CPU
		{62FAF6D2-DEAB-4068-817B-7AF8B4AEF921}.Release|Any CPU.ActiveCfg = Release|Any CPU
		{62FAF6D2-DEAB-4068-817B-7AF8B4AEF921}.Release|Any CPU.Build.0 = Release|Any CPU
		{C471DDAE-B6B3-46BC-8103-E29DF5A98193}.Debug|Any CPU.ActiveCfg = Debug|Any CPU
		{C471DDAE-B6B3-46BC-8103-E29DF5A98193}.Debug|Any CPU.Build.0 = Debug|Any CPU
		{C471DDAE-B6B3-46BC-8103-E29DF5A98193}.Release|Any CPU.ActiveCfg = Release|Any CPU
		{C471DDAE-B6B3-46BC-8103-E29DF5A98193}.Release|Any CPU.Build.0 = Release|Any CPU
		{5E222A2C-58E2-4F6C-B0D1-DF412CE4936D}.Debug|Any CPU.ActiveCfg = Debug|Any CPU
		{5E222A2C-58E2-4F6C-B0D1-DF412CE4936D}.Debug|Any CPU.Build.0 = Debug|Any CPU
		{5E222A2C-58E2-4F6C-B0D1-DF412CE4936D}.Release|Any CPU.ActiveCfg = Release|Any CPU
		{5E222A2C-58E2-4F6C-B0D1-DF412CE4936D}.Release|Any CPU.Build.0 = Release|Any CPU
		{AF06DA5F-573E-40F6-B76B-9956126A8197}.Debug|Any CPU.ActiveCfg = Debug|Any CPU
		{AF06DA5F-573E-40F6-B76B-9956126A8197}.Debug|Any CPU.Build.0 = Debug|Any CPU
		{AF06DA5F-573E-40F6-B76B-9956126A8197}.Release|Any CPU.ActiveCfg = Release|Any CPU
		{AF06DA5F-573E-40F6-B76B-9956126A8197}.Release|Any CPU.Build.0 = Release|Any CPU
		{93FB662F-A87F-4956-83F1-CA06CFDEF49D}.Debug|Any CPU.ActiveCfg = Debug|Any CPU
		{93FB662F-A87F-4956-83F1-CA06CFDEF49D}.Debug|Any CPU.Build.0 = Debug|Any CPU
		{93FB662F-A87F-4956-83F1-CA06CFDEF49D}.Release|Any CPU.ActiveCfg = Release|Any CPU
		{93FB662F-A87F-4956-83F1-CA06CFDEF49D}.Release|Any CPU.Build.0 = Release|Any CPU
		{4910FF26-7E73-BF6D-CCD7-B73EDCC7719F}.Debug|Any CPU.ActiveCfg = Debug|Any CPU
		{4910FF26-7E73-BF6D-CCD7-B73EDCC7719F}.Debug|Any CPU.Build.0 = Debug|Any CPU
		{4910FF26-7E73-BF6D-CCD7-B73EDCC7719F}.Release|Any CPU.ActiveCfg = Release|Any CPU
		{4910FF26-7E73-BF6D-CCD7-B73EDCC7719F}.Release|Any CPU.Build.0 = Release|Any CPU
		{D95952EA-CA92-42D4-B3DB-9C4DC9C5BAB8}.Debug|Any CPU.ActiveCfg = Debug|Any CPU
		{D95952EA-CA92-42D4-B3DB-9C4DC9C5BAB8}.Debug|Any CPU.Build.0 = Debug|Any CPU
		{D95952EA-CA92-42D4-B3DB-9C4DC9C5BAB8}.Release|Any CPU.ActiveCfg = Release|Any CPU
		{D95952EA-CA92-42D4-B3DB-9C4DC9C5BAB8}.Release|Any CPU.Build.0 = Release|Any CPU
		{3F899D71-6B36-4F5F-9066-F81458553190}.Debug|Any CPU.ActiveCfg = Debug|Any CPU
		{3F899D71-6B36-4F5F-9066-F81458553190}.Debug|Any CPU.Build.0 = Debug|Any CPU
		{3F899D71-6B36-4F5F-9066-F81458553190}.Release|Any CPU.ActiveCfg = Release|Any CPU
		{3F899D71-6B36-4F5F-9066-F81458553190}.Release|Any CPU.Build.0 = Release|Any CPU
		{EEAB7537-3769-4A4B-9343-F5BC63D5F991}.Debug|Any CPU.ActiveCfg = Debug|Any CPU
		{EEAB7537-3769-4A4B-9343-F5BC63D5F991}.Debug|Any CPU.Build.0 = Debug|Any CPU
		{EEAB7537-3769-4A4B-9343-F5BC63D5F991}.Release|Any CPU.ActiveCfg = Release|Any CPU
		{EEAB7537-3769-4A4B-9343-F5BC63D5F991}.Release|Any CPU.Build.0 = Release|Any CPU
		{739A8670-D43E-44FC-9391-1B74CAE89D5E}.Debug|Any CPU.ActiveCfg = Debug|Any CPU
		{739A8670-D43E-44FC-9391-1B74CAE89D5E}.Debug|Any CPU.Build.0 = Debug|Any CPU
		{739A8670-D43E-44FC-9391-1B74CAE89D5E}.Release|Any CPU.ActiveCfg = Release|Any CPU
		{739A8670-D43E-44FC-9391-1B74CAE89D5E}.Release|Any CPU.Build.0 = Release|Any CPU
	EndGlobalSection
	GlobalSection(SolutionProperties) = preSolution
		HideSolutionNode = FALSE
	EndGlobalSection
	GlobalSection(NestedProjects) = preSolution
		{A919EC64-A46C-48FF-A79D-0047001E8AFE} = {DC0A0DE0-EBA3-4C29-9E93-1484987807DF}
		{87C44005-A239-41D6-BA19-6CC2C1406DAC} = {DC0A0DE0-EBA3-4C29-9E93-1484987807DF}
		{9296C219-0441-4D9F-9D0D-4FBA7F2657BA} = {DC0A0DE0-EBA3-4C29-9E93-1484987807DF}
		{DC3A46B5-45CA-47C9-8E7A-3E564A9B81C5} = {DC0A0DE0-EBA3-4C29-9E93-1484987807DF}
		{5ADCB1B3-73D0-4540-92CC-822C32E031B9} = {A919EC64-A46C-48FF-A79D-0047001E8AFE}
		{D504AD96-2798-4711-8FA3-841424097FF5} = {A919EC64-A46C-48FF-A79D-0047001E8AFE}
		{8CA63756-15E3-417A-8F99-6A6B79FEDC6E} = {A919EC64-A46C-48FF-A79D-0047001E8AFE}
		{86BB69D8-9403-4E7D-9C2C-F198FAF5D5BC} = {87C44005-A239-41D6-BA19-6CC2C1406DAC}
		{00783B9B-93CD-46D0-9BD4-D98638BD9968} = {87C44005-A239-41D6-BA19-6CC2C1406DAC}
		{872B6EDE-3C34-4068-8AC9-B6FF6AFD92C4} = {9296C219-0441-4D9F-9D0D-4FBA7F2657BA}
		{62FAF6D2-DEAB-4068-817B-7AF8B4AEF921} = {9296C219-0441-4D9F-9D0D-4FBA7F2657BA}
		{C471DDAE-B6B3-46BC-8103-E29DF5A98193} = {9296C219-0441-4D9F-9D0D-4FBA7F2657BA}
		{5E222A2C-58E2-4F6C-B0D1-DF412CE4936D} = {9296C219-0441-4D9F-9D0D-4FBA7F2657BA}
		{AF06DA5F-573E-40F6-B76B-9956126A8197} = {DC3A46B5-45CA-47C9-8E7A-3E564A9B81C5}
		{93FB662F-A87F-4956-83F1-CA06CFDEF49D} = {DC3A46B5-45CA-47C9-8E7A-3E564A9B81C5}
		{BFF230DA-7728-42FC-A778-BC2C21BBB63B} = {B949D949-96CD-499E-924A-D170CB5049C0}
		{B5FA6823-F60F-4A67-8A37-62E5B5A1F96B} = {B949D949-96CD-499E-924A-D170CB5049C0}
		{4910FF26-7E73-BF6D-CCD7-B73EDCC7719F} = {87C44005-A239-41D6-BA19-6CC2C1406DAC}
		{D95952EA-CA92-42D4-B3DB-9C4DC9C5BAB8} = {BFF230DA-7728-42FC-A778-BC2C21BBB63B}
		{3F899D71-6B36-4F5F-9066-F81458553190} = {B5FA6823-F60F-4A67-8A37-62E5B5A1F96B}
		{EEAB7537-3769-4A4B-9343-F5BC63D5F991} = {B5FA6823-F60F-4A67-8A37-62E5B5A1F96B}
		{739A8670-D43E-44FC-9391-1B74CAE89D5E} = {B5FA6823-F60F-4A67-8A37-62E5B5A1F96B}
	EndGlobalSection
	GlobalSection(ExtensibilityGlobals) = postSolution
		SolutionGuid = {F2EFDCB4-DEAA-4827-B984-82260B1D89C2}
	EndGlobalSection
EndGlobal
